
Microsoft Visual Studio Solution File, Format Version 12.00
# Visual Studio Version 17
VisualStudioVersion = 17.5.33424.131
MinimumVisualStudioVersion = 10.0.40219.1
Project("{FAE04EC0-301F-11D3-BF4B-00C04F79EFBC}") = "PRL", "PRL\PRL.csproj", "{A102E8C2-1057-4CFE-8E13-B4A6DA8245F1}"
EndProject
Project("{FAE04EC0-301F-11D3-BF4B-00C04F79EFBC}") = "DAL", "DAL\DAL.csproj", "{36B3A5E7-AC7A-4196-B541-335DBF2CA82F}"
EndProject
Project("{FAE04EC0-301F-11D3-BF4B-00C04F79EFBC}") = "BUS", "BUS\BUS.csproj", "{22B41199-D1DE-4493-B824-9503A6353818}"
EndProject
Global
	GlobalSection(SolutionConfigurationPlatforms) = preSolution
		Debug|Any CPU = Debug|Any CPU
		Release|Any CPU = Release|Any CPU
	EndGlobalSection
	GlobalSection(ProjectConfigurationPlatforms) = postSolution
		{A102E8C2-1057-4CFE-8E13-B4A6DA8245F1}.Debug|Any CPU.ActiveCfg = Debug|Any CPU
		{A102E8C2-1057-4CFE-8E13-B4A6DA8245F1}.Debug|Any CPU.Build.0 = Debug|Any CPU
		{A102E8C2-1057-4CFE-8E13-B4A6DA8245F1}.Release|Any CPU.ActiveCfg = Release|Any CPU
		{A102E8C2-1057-4CFE-8E13-B4A6DA8245F1}.Release|Any CPU.Build.0 = Release|Any CPU
		{36B3A5E7-AC7A-4196-B541-335DBF2CA82F}.Debug|Any CPU.ActiveCfg = Debug|Any CPU
		{36B3A5E7-AC7A-4196-B541-335DBF2CA82F}.Debug|Any CPU.Build.0 = Debug|Any CPU
		{36B3A5E7-AC7A-4196-B541-335DBF2CA82F}.Release|Any CPU.ActiveCfg = Release|Any CPU
		{36B3A5E7-AC7A-4196-B541-335DBF2CA82F}.Release|Any CPU.Build.0 = Release|Any CPU
		{22B41199-D1DE-4493-B824-9503A6353818}.Debug|Any CPU.ActiveCfg = Debug|Any CPU
		{22B41199-D1DE-4493-B824-9503A6353818}.Debug|Any CPU.Build.0 = Debug|Any CPU
		{22B41199-D1DE-4493-B824-9503A6353818}.Release|Any CPU.ActiveCfg = Release|Any CPU
		{22B41199-D1DE-4493-B824-9503A6353818}.Release|Any CPU.Build.0 = Release|Any CPU
	EndGlobalSection
	GlobalSection(SolutionProperties) = preSolution
		HideSolutionNode = FALSE
	EndGlobalSection
	GlobalSection(ExtensibilityGlobals) = postSolution
		SolutionGuid = {9F634C08-FAA9-480A-B21B-0F9A5D649E62}
	EndGlobalSection
EndGlobal
